
Microsoft Visual Studio Solution File, Format Version 12.00
# Visual Studio 15
VisualStudioVersion = 15.0.28010.2036
MinimumVisualStudioVersion = 10.0.40219.1
Project("{FAE04EC0-301F-11D3-BF4B-00C04F79EFBC}") = "SkyIslandGames", "SkyIslandGames\SkyIslandGames.csproj", "{7A070022-4AAF-448F-A8A1-C301208CA299}"
EndProject
Global
	GlobalSection(SolutionConfigurationPlatforms) = preSolution
		Debug|Any CPU = Debug|Any CPU
		Release|Any CPU = Release|Any CPU
	EndGlobalSection
	GlobalSection(ProjectConfigurationPlatforms) = postSolution
		{7A070022-4AAF-448F-A8A1-C301208CA299}.Debug|Any CPU.ActiveCfg = Debug|Any CPU
		{7A070022-4AAF-448F-A8A1-C301208CA299}.Debug|Any CPU.Build.0 = Debug|Any CPU
		{7A070022-4AAF-448F-A8A1-C301208CA299}.Release|Any CPU.ActiveCfg = Release|Any CPU
		{7A070022-4AAF-448F-A8A1-C301208CA299}.Release|Any CPU.Build.0 = Release|Any CPU
	EndGlobalSection
	GlobalSection(SolutionProperties) = preSolution
		HideSolutionNode = FALSE
	EndGlobalSection
	GlobalSection(ExtensibilityGlobals) = postSolution
		SolutionGuid = {549F7544-3A30-42AF-B2EA-6AD2838E6EF0}
	EndGlobalSection
EndGlobal
